
Microsoft Visual Studio Solution File, Format Version 12.00
# Visual Studio Version 16
VisualStudioVersion = 16.0.31313.79
MinimumVisualStudioVersion = 10.0.40219.1
Project("{FAE04EC0-301F-11D3-BF4B-00C04F79EFBC}") = "LB_4_TIPIS", "LB_4_TIPIS.csproj", "{3E133F12-6211-4245-94DF-6DFA618752BA}"
EndProject
Global
	GlobalSection(SolutionConfigurationPlatforms) = preSolution
		Debug|Any CPU = Debug|Any CPU
		Release|Any CPU = Release|Any CPU
	EndGlobalSection
	GlobalSection(ProjectConfigurationPlatforms) = postSolution
		{3E133F12-6211-4245-94DF-6DFA618752BA}.Debug|Any CPU.ActiveCfg = Debug|Any CPU
		{3E133F12-6211-4245-94DF-6DFA618752BA}.Debug|Any CPU.Build.0 = Debug|Any CPU
		{3E133F12-6211-4245-94DF-6DFA618752BA}.Release|Any CPU.ActiveCfg = Release|Any CPU
		{3E133F12-6211-4245-94DF-6DFA618752BA}.Release|Any CPU.Build.0 = Release|Any CPU
	EndGlobalSection
	GlobalSection(SolutionProperties) = preSolution
		HideSolutionNode = FALSE
	EndGlobalSection
	GlobalSection(ExtensibilityGlobals) = postSolution
		SolutionGuid = {E88F3C3A-1FBE-4038-84EF-330D92CB1F92}
	EndGlobalSection
EndGlobal
